// !$*UTF8*$!
{
	archiveVersion = 1;
	classes = {
	};
	objectVersion = 77;
	objects = {

/* Begin PBXBuildFile section */
		62ED618D5EA664E91A9B50F8 /* Pods_Weather.framework in Frameworks */ = {isa = PBXBuildFile; fileRef = 4B3F0AA99A513EB97AFD52C1 /* Pods_Weather.framework */; };
		7E2BF58D6E152467560429D7 /* Pods_WeatherTests.framework in Frameworks */ = {isa = PBXBuildFile; fileRef = BCEBA54C3D714B95170D984D /* Pods_WeatherTests.framework */; };
		TEXTRA012D8B0C1700F68101 /* CityTableCellViewModelTests.swift in Sources */ = {isa = PBXBuildFile; fileRef = TEXTRFR12D8B0C1700F68111 /* CityTableCellViewModelTests.swift */; };
		TEXTRA022D8B0C1700F68102 /* MainViewControllerTests.swift in Sources */ = {isa = PBXBuildFile; fileRef = TEXTRFR22D8B0C1700F68112 /* MainViewControllerTests.swift */; };
		TEXTRA032D8B0C1700F68103 /* WeatherURLProtocolStub.swift in Sources */ = {isa = PBXBuildFile; fileRef = TEXTRFR32D8B0C1700F68113 /* WeatherURLProtocolStub.swift */; };
		UIUTBLD42D8B0C1700F68104 /* WeatherUITests.swift in Sources */ = {isa = PBXBuildFile; fileRef = UIUTSRC52D8B0C1700F68115 /* WeatherUITests.swift */; };
		WTEST05E52D8B0C1700F68005 /* CityModelTests.swift in Sources */ = {isa = PBXBuildFile; fileRef = WTEST02E22D8B0C1700F68002 /* CityModelTests.swift */; };
		WTEST06E62D8B0C1700F68006 /* LastSearchCitiesProviderTests.swift in Sources */ = {isa = PBXBuildFile; fileRef = WTEST03E32D8B0C1700F68003 /* LastSearchCitiesProviderTests.swift */; };
		WTEST07E72D8B0C1700F68007 /* WeatherServiceTests.swift in Sources */ = {isa = PBXBuildFile; fileRef = WTEST04E42D8B0C1700F68004 /* WeatherServiceTests.swift */; };
		TEXTFD32D8B0C1700F68204 /* WeatherAppLifecycleTests.swift in Sources */ = {isa = PBXBuildFile; fileRef = TEXTRFD02D8B0C1700F68201 /* WeatherAppLifecycleTests.swift */; };
		TEXTFD42D8B0C1700F68205 /* UITestingSupportTests.swift in Sources */ = {isa = PBXBuildFile; fileRef = TEXTRFD12D8B0C1700F68202 /* UITestingSupportTests.swift */; };
		TEXTFD52D8B0C1700F68206 /* CityTableCellTests.swift in Sources */ = {isa = PBXBuildFile; fileRef = TEXTRFD22D8B0C1700F68203 /* CityTableCellTests.swift */; };
/* End PBXBuildFile section */

/* Begin PBXContainerItemProxy section */
		UIUTPRX862D8B0C1700F68186 /* PBXContainerItemProxy */ = {
			isa = PBXContainerItemProxy;
			containerPortal = C932D0E42D8B0C1700F68004 /* Project object */;
			proxyType = 1;
			remoteGlobalIDString = C932D0EB2D8B0C1700F68004;
			remoteInfo = Weather;
		};
		WTEST0DED2D8B0C1700F6800D /* PBXContainerItemProxy */ = {
			isa = PBXContainerItemProxy;
			containerPortal = C932D0E42D8B0C1700F68004 /* Project object */;
			proxyType = 1;
			remoteGlobalIDString = C932D0EB2D8B0C1700F68004;
			remoteInfo = Weather;
		};
/* End PBXContainerItemProxy section */

/* Begin PBXFileReference section */
		3C5090BFF2049212663BEEE2 /* Pods-Weather.debug.xcconfig */ = {isa = PBXFileReference; includeInIndex = 1; lastKnownFileType = text.xcconfig; name = "Pods-Weather.debug.xcconfig"; path = "Target Support Files/Pods-Weather/Pods-Weather.debug.xcconfig"; sourceTree = "<group>"; };
		4B3F0AA99A513EB97AFD52C1 /* Pods_Weather.framework */ = {isa = PBXFileReference; explicitFileType = wrapper.framework; includeInIndex = 0; path = Pods_Weather.framework; sourceTree = BUILT_PRODUCTS_DIR; };
		60FA83C69CE55D3DC7652735 /* Pods-WeatherTests.release.xcconfig */ = {isa = PBXFileReference; includeInIndex = 1; lastKnownFileType = text.xcconfig; name = "Pods-WeatherTests.release.xcconfig"; path = "Target Support Files/Pods-WeatherTests/Pods-WeatherTests.release.xcconfig"; sourceTree = "<group>"; };
		A4524D89A9093C2BA7EBF3F9 /* Pods-Weather.release.xcconfig */ = {isa = PBXFileReference; includeInIndex = 1; lastKnownFileType = text.xcconfig; name = "Pods-Weather.release.xcconfig"; path = "Target Support Files/Pods-Weather/Pods-Weather.release.xcconfig"; sourceTree = "<group>"; };
		BCEBA54C3D714B95170D984D /* Pods_WeatherTests.framework */ = {isa = PBXFileReference; explicitFileType = wrapper.framework; includeInIndex = 0; path = Pods_WeatherTests.framework; sourceTree = BUILT_PRODUCTS_DIR; };
		C932D0EC2D8B0C1700F68004 /* Weather.app */ = {isa = PBXFileReference; explicitFileType = wrapper.application; includeInIndex = 0; path = Weather.app; sourceTree = BUILT_PRODUCTS_DIR; };
		FDFF05C2A72494FE47CA0523 /* Pods-WeatherTests.debug.xcconfig */ = {isa = PBXFileReference; includeInIndex = 1; lastKnownFileType = text.xcconfig; name = "Pods-WeatherTests.debug.xcconfig"; path = "Target Support Files/Pods-WeatherTests/Pods-WeatherTests.debug.xcconfig"; sourceTree = "<group>"; };
		TEXTRFR12D8B0C1700F68111 /* CityTableCellViewModelTests.swift */ = {isa = PBXFileReference; lastKnownFileType = sourcecode.swift; path = CityTableCellViewModelTests.swift; sourceTree = "<group>"; };
		TEXTRFR22D8B0C1700F68112 /* MainViewControllerTests.swift */ = {isa = PBXFileReference; lastKnownFileType = sourcecode.swift; path = MainViewControllerTests.swift; sourceTree = "<group>"; };
		TEXTRFR32D8B0C1700F68113 /* WeatherURLProtocolStub.swift */ = {isa = PBXFileReference; lastKnownFileType = sourcecode.swift; path = WeatherURLProtocolStub.swift; sourceTree = "<group>"; };
		UIUTPRD62D8B0C1700F68114 /* WeatherUITests.xctest */ = {isa = PBXFileReference; explicitFileType = wrapper.cfbundle; includeInIndex = 0; path = WeatherUITests.xctest; sourceTree = BUILT_PRODUCTS_DIR; };
		UIUTSRC52D8B0C1700F68115 /* WeatherUITests.swift */ = {isa = PBXFileReference; lastKnownFileType = sourcecode.swift; path = WeatherUITests.swift; sourceTree = "<group>"; };
		WTEST01E12D8B0C1700F68001 /* WeatherTests.xctest */ = {isa = PBXFileReference; explicitFileType = wrapper.cfbundle; includeInIndex = 0; path = WeatherTests.xctest; sourceTree = BUILT_PRODUCTS_DIR; };
		WTEST02E22D8B0C1700F68002 /* CityModelTests.swift */ = {isa = PBXFileReference; lastKnownFileType = sourcecode.swift; path = CityModelTests.swift; sourceTree = "<group>"; };
		WTEST03E32D8B0C1700F68003 /* LastSearchCitiesProviderTests.swift */ = {isa = PBXFileReference; lastKnownFileType = sourcecode.swift; path = LastSearchCitiesProviderTests.swift; sourceTree = "<group>"; };
		WTEST04E42D8B0C1700F68004 /* WeatherServiceTests.swift */ = {isa = PBXFileReference; lastKnownFileType = sourcecode.swift; path = WeatherServiceTests.swift; sourceTree = "<group>"; };
		TEXTRFD02D8B0C1700F68201 /* WeatherAppLifecycleTests.swift */ = {isa = PBXFileReference; lastKnownFileType = sourcecode.swift; path = WeatherAppLifecycleTests.swift; sourceTree = "<group>"; };
		TEXTRFD12D8B0C1700F68202 /* UITestingSupportTests.swift */ = {isa = PBXFileReference; lastKnownFileType = sourcecode.swift; path = UITestingSupportTests.swift; sourceTree = "<group>"; };
		TEXTRFD22D8B0C1700F68203 /* CityTableCellTests.swift */ = {isa = PBXFileReference; lastKnownFileType = sourcecode.swift; path = CityTableCellTests.swift; sourceTree = "<group>"; };
/* End PBXFileReference section */

/* Begin PBXFileSystemSynchronizedBuildFileExceptionSet section */
		C932D0FE2D8B0C1900F68004 /* Exceptions for "Weather" folder in "Weather" target */ = {
			isa = PBXFileSystemSynchronizedBuildFileExceptionSet;
			membershipExceptions = (
				Resources/Info.plist,
			);
			target = C932D0EB2D8B0C1700F68004 /* Weather */;
		};
/* End PBXFileSystemSynchronizedBuildFileExceptionSet section */

/* Begin PBXFileSystemSynchronizedRootGroup section */
		C932D0EE2D8B0C1700F68004 /* Weather */ = {
			isa = PBXFileSystemSynchronizedRootGroup;
			exceptions = (
				C932D0FE2D8B0C1900F68004 /* Exceptions for "Weather" folder in "Weather" target */,
			);
			path = Weather;
			sourceTree = "<group>";
		};
/* End PBXFileSystemSynchronizedRootGroup section */

/* Begin PBXFrameworksBuildPhase section */
		C932D0E92D8B0C1700F68004 /* Frameworks */ = {
			isa = PBXFrameworksBuildPhase;
			buildActionMask = 2147483647;
			files = (
				62ED618D5EA664E91A9B50F8 /* Pods_Weather.framework in Frameworks */,
			);
			runOnlyForDeploymentPostprocessing = 0;
		};
		UIUTFRM832D8B0C1700F68183 /* Frameworks */ = {
			isa = PBXFrameworksBuildPhase;
			buildActionMask = 2147483647;
			files = (
			);
			runOnlyForDeploymentPostprocessing = 0;
		};
		WTEST0BEB2D8B0C1700F6800B /* Frameworks */ = {
			isa = PBXFrameworksBuildPhase;
			buildActionMask = 2147483647;
			files = (
				7E2BF58D6E152467560429D7 /* Pods_WeatherTests.framework in Frameworks */,
			);
			runOnlyForDeploymentPostprocessing = 0;
		};
/* End PBXFrameworksBuildPhase section */

/* Begin PBXGroup section */
		C932D0E32D8B0C1700F68004 = {
			isa = PBXGroup;
			children = (
				C932D0EE2D8B0C1700F68004 /* Weather */,
				WTEST08E82D8B0C1700F68008 /* WeatherTests */,
				UIUTGRP802D8B0C1700F68180 /* WeatherUITests */,
				C932D0ED2D8B0C1700F68004 /* Products */,
				F4D9A1BA90E762408269B22E /* Pods */,
				D80703BB5B12F75E5BA0EEDE /* Frameworks */,
			);
			sourceTree = "<group>";
		};
		C932D0ED2D8B0C1700F68004 /* Products */ = {
			isa = PBXGroup;
			children = (
				C932D0EC2D8B0C1700F68004 /* Weather.app */,
				WTEST01E12D8B0C1700F68001 /* WeatherTests.xctest */,
				UIUTPRD62D8B0C1700F68114 /* WeatherUITests.xctest */,
			);
			name = Products;
			sourceTree = "<group>";
		};
		D80703BB5B12F75E5BA0EEDE /* Frameworks */ = {
			isa = PBXGroup;
			children = (
				4B3F0AA99A513EB97AFD52C1 /* Pods_Weather.framework */,
				BCEBA54C3D714B95170D984D /* Pods_WeatherTests.framework */,
			);
			name = Frameworks;
			sourceTree = "<group>";
		};
		F4D9A1BA90E762408269B22E /* Pods */ = {
			isa = PBXGroup;
			children = (
				3C5090BFF2049212663BEEE2 /* Pods-Weather.debug.xcconfig */,
				A4524D89A9093C2BA7EBF3F9 /* Pods-Weather.release.xcconfig */,
				FDFF05C2A72494FE47CA0523 /* Pods-WeatherTests.debug.xcconfig */,
				60FA83C69CE55D3DC7652735 /* Pods-WeatherTests.release.xcconfig */,
			);
			path = Pods;
			sourceTree = "<group>";
		};
		UIUTGRP802D8B0C1700F68180 /* WeatherUITests */ = {
			isa = PBXGroup;
			children = (
				UIUTSRC52D8B0C1700F68115 /* WeatherUITests.swift */,
			);
			path = WeatherUITests;
			sourceTree = "<group>";
		};
		WTEST08E82D8B0C1700F68008 /* WeatherTests */ = {
			isa = PBXGroup;
			children = (
				WTEST02E22D8B0C1700F68002 /* CityModelTests.swift */,
				TEXTRFD22D8B0C1700F68203 /* CityTableCellTests.swift */,
				TEXTRFR12D8B0C1700F68111 /* CityTableCellViewModelTests.swift */,
				WTEST03E32D8B0C1700F68003 /* LastSearchCitiesProviderTests.swift */,
				TEXTRFR22D8B0C1700F68112 /* MainViewControllerTests.swift */,
				TEXTRFD12D8B0C1700F68202 /* UITestingSupportTests.swift */,
				TEXTRFD02D8B0C1700F68201 /* WeatherAppLifecycleTests.swift */,
				WTEST04E42D8B0C1700F68004 /* WeatherServiceTests.swift */,
				TEXTRFR32D8B0C1700F68113 /* WeatherURLProtocolStub.swift */,
			);
			path = WeatherTests;
			sourceTree = "<group>";
		};
/* End PBXGroup section */

/* Begin PBXNativeTarget section */
		C932D0EB2D8B0C1700F68004 /* Weather */ = {
			isa = PBXNativeTarget;
			buildConfigurationList = C932D0FF2D8B0C1900F68004 /* Build configuration list for PBXNativeTarget "Weather" */;
			buildPhases = (
				561B431C15B289765A93AD0B /* [CP] Check Pods Manifest.lock */,
				C932D0E82D8B0C1700F68004 /* Sources */,
				C932D0E92D8B0C1700F68004 /* Frameworks */,
				C932D0EA2D8B0C1700F68004 /* Resources */,
				E9DD4E9D6F376CBC66ECC247 /* [CP] Embed Pods Frameworks */,
			);
			buildRules = (
			);
			dependencies = (
			);
			fileSystemSynchronizedGroups = (
				C932D0EE2D8B0C1700F68004 /* Weather */,
			);
			name = Weather;
			productName = Weather;
			productReference = C932D0EC2D8B0C1700F68004 /* Weather.app */;
			productType = "com.apple.product-type.application";
		};
		UIUTTGT812D8B0C1700F68181 /* WeatherUITests */ = {
			isa = PBXNativeTarget;
			buildConfigurationList = UIUTLST8A2D8B0C1700F6818A /* Build configuration list for PBXNativeTarget "WeatherUITests" */;
			buildPhases = (
				UIUTSRC822D8B0C1700F68182 /* Sources */,
				UIUTFRM832D8B0C1700F68183 /* Frameworks */,
				UIUTRES842D8B0C1700F68184 /* Resources */,
			);
			buildRules = (
			);
			dependencies = (
				UIUTDEP872D8B0C1700F68187 /* PBXTargetDependency */,
			);
			name = WeatherUITests;
			productName = WeatherUITests;
			productReference = UIUTPRD62D8B0C1700F68114 /* WeatherUITests.xctest */;
			productType = "com.apple.product-type.bundle.ui-testing";
		};
		WTEST09E92D8B0C1700F68009 /* WeatherTests */ = {
			isa = PBXNativeTarget;
			buildConfigurationList = WTEST11F12D8B0C1700F68011 /* Build configuration list for PBXNativeTarget "WeatherTests" */;
			buildPhases = (
				651E8FC3B7932D58207E15D9 /* [CP] Check Pods Manifest.lock */,
				WTEST0AEA2D8B0C1700F6800A /* Sources */,
				WTEST0BEB2D8B0C1700F6800B /* Frameworks */,
				WTEST0CEC2D8B0C1700F6800C /* Resources */,
			);
			buildRules = (
			);
			dependencies = (
				WTEST0EEE2D8B0C1700F6800E /* PBXTargetDependency */,
			);
			name = WeatherTests;
			productName = WeatherTests;
			productReference = WTEST01E12D8B0C1700F68001 /* WeatherTests.xctest */;
			productType = "com.apple.product-type.bundle.unit-test";
		};
/* End PBXNativeTarget section */

/* Begin PBXProject section */
		C932D0E42D8B0C1700F68004 /* Project object */ = {
			isa = PBXProject;
			attributes = {
				BuildIndependentTargetsInParallel = 1;
				LastSwiftUpdateCheck = 1620;
				LastUpgradeCheck = 1630;
				TargetAttributes = {
					C932D0EB2D8B0C1700F68004 = {
						CreatedOnToolsVersion = 16.2;
					};
					UIUTTGT812D8B0C1700F68181 = {
						CreatedOnToolsVersion = 16.2;
						TestTargetID = C932D0EB2D8B0C1700F68004;
					};
					WTEST09E92D8B0C1700F68009 = {
						CreatedOnToolsVersion = 16.2;
						TestTargetID = C932D0EB2D8B0C1700F68004;
					};
				};
			};
			buildConfigurationList = C932D0E72D8B0C1700F68004 /* Build configuration list for PBXProject "Weather" */;
			developmentRegion = en;
			hasScannedForEncodings = 0;
			knownRegions = (
				en,
				Base,
			);
			mainGroup = C932D0E32D8B0C1700F68004;
			minimizedProjectReferenceProxies = 1;
			preferredProjectObjectVersion = 77;
			productRefGroup = C932D0ED2D8B0C1700F68004 /* Products */;
			projectDirPath = "";
			projectRoot = "";
			targets = (
				C932D0EB2D8B0C1700F68004 /* Weather */,
				WTEST09E92D8B0C1700F68009 /* WeatherTests */,
				UIUTTGT812D8B0C1700F68181 /* WeatherUITests */,
			);
		};
/* End PBXProject section */

/* Begin PBXResourcesBuildPhase section */
		C932D0EA2D8B0C1700F68004 /* Resources */ = {
			isa = PBXResourcesBuildPhase;
			buildActionMask = 2147483647;
			files = (
			);
			runOnlyForDeploymentPostprocessing = 0;
		};
		UIUTRES842D8B0C1700F68184 /* Resources */ = {
			isa = PBXResourcesBuildPhase;
			buildActionMask = 2147483647;
			files = (
			);
			runOnlyForDeploymentPostprocessing = 0;
		};
		WTEST0CEC2D8B0C1700F6800C /* Resources */ = {
			isa = PBXResourcesBuildPhase;
			buildActionMask = 2147483647;
			files = (
			);
			runOnlyForDeploymentPostprocessing = 0;
		};
/* End PBXResourcesBuildPhase section */

/* Begin PBXShellScriptBuildPhase section */
		561B431C15B289765A93AD0B /* [CP] Check Pods Manifest.lock */ = {
			isa = PBXShellScriptBuildPhase;
			buildActionMask = 2147483647;
			files = (
			);
			inputFileListPaths = (
			);
			inputPaths = (
				"${PODS_PODFILE_DIR_PATH}/Podfile.lock",
				"${PODS_ROOT}/Manifest.lock",
			);
			name = "[CP] Check Pods Manifest.lock";
			outputFileListPaths = (
			);
			outputPaths = (
				"$(DERIVED_FILE_DIR)/Pods-Weather-checkManifestLockResult.txt",
			);
			runOnlyForDeploymentPostprocessing = 0;
			shellPath = /bin/sh;
			shellScript = "diff \"${PODS_PODFILE_DIR_PATH}/Podfile.lock\" \"${PODS_ROOT}/Manifest.lock\" > /dev/null\nif [ $? != 0 ] ; then\n    # print error to STDERR\n    echo \"error: The sandbox is not in sync with the Podfile.lock. Run 'pod install' or update your CocoaPods installation.\" >&2\n    exit 1\nfi\n# This output is used by Xcode 'outputs' to avoid re-running this script phase.\necho \"SUCCESS\" > \"${SCRIPT_OUTPUT_FILE_0}\"\n";
			showEnvVarsInLog = 0;
		};
		651E8FC3B7932D58207E15D9 /* [CP] Check Pods Manifest.lock */ = {
			isa = PBXShellScriptBuildPhase;
			buildActionMask = 2147483647;
			files = (
			);
			inputFileListPaths = (
			);
			inputPaths = (
				"${PODS_PODFILE_DIR_PATH}/Podfile.lock",
				"${PODS_ROOT}/Manifest.lock",
			);
			name = "[CP] Check Pods Manifest.lock";
			outputFileListPaths = (
			);
			outputPaths = (
				"$(DERIVED_FILE_DIR)/Pods-WeatherTests-checkManifestLockResult.txt",
			);
			runOnlyForDeploymentPostprocessing = 0;
			shellPath = /bin/sh;
			shellScript = "diff \"${PODS_PODFILE_DIR_PATH}/Podfile.lock\" \"${PODS_ROOT}/Manifest.lock\" > /dev/null\nif [ $? != 0 ] ; then\n    # print error to STDERR\n    echo \"error: The sandbox is not in sync with the Podfile.lock. Run 'pod install' or update your CocoaPods installation.\" >&2\n    exit 1\nfi\n# This output is used by Xcode 'outputs' to avoid re-running this script phase.\necho \"SUCCESS\" > \"${SCRIPT_OUTPUT_FILE_0}\"\n";
			showEnvVarsInLog = 0;
		};
		E9DD4E9D6F376CBC66ECC247 /* [CP] Embed Pods Frameworks */ = {
			isa = PBXShellScriptBuildPhase;
			buildActionMask = 2147483647;
			files = (
			);
			inputFileListPaths = (
				"${PODS_ROOT}/Target Support Files/Pods-Weather/Pods-Weather-frameworks-${CONFIGURATION}-input-files.xcfilelist",
			);
			name = "[CP] Embed Pods Frameworks";
			outputFileListPaths = (
				"${PODS_ROOT}/Target Support Files/Pods-Weather/Pods-Weather-frameworks-${CONFIGURATION}-output-files.xcfilelist",
			);
			runOnlyForDeploymentPostprocessing = 0;
			shellPath = /bin/sh;
			shellScript = "\"${PODS_ROOT}/Target Support Files/Pods-Weather/Pods-Weather-frameworks.sh\"\n";
			showEnvVarsInLog = 0;
		};
/* End PBXShellScriptBuildPhase section */

/* Begin PBXSourcesBuildPhase section */
		C932D0E82D8B0C1700F68004 /* Sources */ = {
			isa = PBXSourcesBuildPhase;
			buildActionMask = 2147483647;
			files = (
			);
			runOnlyForDeploymentPostprocessing = 0;
		};
		UIUTSRC822D8B0C1700F68182 /* Sources */ = {
			isa = PBXSourcesBuildPhase;
			buildActionMask = 2147483647;
			files = (
				UIUTBLD42D8B0C1700F68104 /* WeatherUITests.swift in Sources */,
			);
			runOnlyForDeploymentPostprocessing = 0;
		};
		WTEST0AEA2D8B0C1700F6800A /* Sources */ = {
			isa = PBXSourcesBuildPhase;
			buildActionMask = 2147483647;
			files = (
				WTEST05E52D8B0C1700F68005 /* CityModelTests.swift in Sources */,
				TEXTFD52D8B0C1700F68206 /* CityTableCellTests.swift in Sources */,
				TEXTRA012D8B0C1700F68101 /* CityTableCellViewModelTests.swift in Sources */,
				WTEST06E62D8B0C1700F68006 /* LastSearchCitiesProviderTests.swift in Sources */,
				TEXTRA022D8B0C1700F68102 /* MainViewControllerTests.swift in Sources */,
				TEXTFD42D8B0C1700F68205 /* UITestingSupportTests.swift in Sources */,
				TEXTFD32D8B0C1700F68204 /* WeatherAppLifecycleTests.swift in Sources */,
				WTEST07E72D8B0C1700F68007 /* WeatherServiceTests.swift in Sources */,
				TEXTRA032D8B0C1700F68103 /* WeatherURLProtocolStub.swift in Sources */,
			);
			runOnlyForDeploymentPostprocessing = 0;
		};
/* End PBXSourcesBuildPhase section */

/* Begin PBXTargetDependency section */
		UIUTDEP872D8B0C1700F68187 /* PBXTargetDependency */ = {
			isa = PBXTargetDependency;
			target = C932D0EB2D8B0C1700F68004 /* Weather */;
			targetProxy = UIUTPRX862D8B0C1700F68186 /* PBXContainerItemProxy */;
		};
		WTEST0EEE2D8B0C1700F6800E /* PBXTargetDependency */ = {
			isa = PBXTargetDependency;
			target = C932D0EB2D8B0C1700F68004 /* Weather */;
			targetProxy = WTEST0DED2D8B0C1700F6800D /* PBXContainerItemProxy */;
		};
/* End PBXTargetDependency section */

/* Begin XCBuildConfiguration section */
		C932D1002D8B0C1900F68004 /* Debug */ = {
			isa = XCBuildConfiguration;
			baseConfigurationReference = 3C5090BFF2049212663BEEE2 /* Pods-Weather.debug.xcconfig */;
			buildSettings = {
				ASSETCATALOG_COMPILER_APPICON_NAME = AppIcon;
				ASSETCATALOG_COMPILER_GLOBAL_ACCENT_COLOR_NAME = AccentColor;
				CODE_SIGN_STYLE = Automatic;
				CURRENT_PROJECT_VERSION = 1;
				DEVELOPMENT_TEAM = 92U4GXDCD4;
				GENERATE_INFOPLIST_FILE = YES;
				INFOPLIST_FILE = Weather/Resources/Info.plist;
				INFOPLIST_KEY_UIApplicationSupportsIndirectInputEvents = YES;
				INFOPLIST_KEY_UILaunchStoryboardName = LaunchScreen;
				INFOPLIST_KEY_UIMainStoryboardFile = Main;
				INFOPLIST_KEY_UISupportedInterfaceOrientations_iPad = "UIInterfaceOrientationPortrait UIInterfaceOrientationPortraitUpsideDown UIInterfaceOrientationLandscapeLeft UIInterfaceOrientationLandscapeRight";
				INFOPLIST_KEY_UISupportedInterfaceOrientations_iPhone = "UIInterfaceOrientationPortrait UIInterfaceOrientationLandscapeLeft UIInterfaceOrientationLandscapeRight";
				LD_RUNPATH_SEARCH_PATHS = (
					"$(inherited)",
					"@executable_path/Frameworks",
				);
				MARKETING_VERSION = 1.0;
				PRODUCT_BUNDLE_IDENTIFIER = Kaspersky.Weather;
				PRODUCT_NAME = "$(TARGET_NAME)";
				SWIFT_EMIT_LOC_STRINGS = YES;
				SWIFT_VERSION = 5.0;
				TARGETED_DEVICE_FAMILY = "1,2";
			};
			name = Debug;
		};
		C932D1012D8B0C1900F68004 /* Release */ = {
			isa = XCBuildConfiguration;
			baseConfigurationReference = A4524D89A9093C2BA7EBF3F9 /* Pods-Weather.release.xcconfig */;
			buildSettings = {
				ASSETCATALOG_COMPILER_APPICON_NAME = AppIcon;
				ASSETCATALOG_COMPILER_GLOBAL_ACCENT_COLOR_NAME = AccentColor;
				CODE_SIGN_STYLE = Automatic;
				CURRENT_PROJECT_VERSION = 1;
				DEVELOPMENT_TEAM = 92U4GXDCD4;
				GENERATE_INFOPLIST_FILE = YES;
				INFOPLIST_FILE = Weather/Resources/Info.plist;
				INFOPLIST_KEY_UIApplicationSupportsIndirectInputEvents = YES;
				INFOPLIST_KEY_UILaunchStoryboardName = LaunchScreen;
				INFOPLIST_KEY_UIMainStoryboardFile = Main;
				INFOPLIST_KEY_UISupportedInterfaceOrientations_iPad = "UIInterfaceOrientationPortrait UIInterfaceOrientationPortraitUpsideDown UIInterfaceOrientationLandscapeLeft UIInterfaceOrientationLandscapeRight";
				INFOPLIST_KEY_UISupportedInterfaceOrientations_iPhone = "UIInterfaceOrientationPortrait UIInterfaceOrientationLandscapeLeft UIInterfaceOrientationLandscapeRight";
				LD_RUNPATH_SEARCH_PATHS = (
					"$(inherited)",
					"@executable_path/Frameworks",
				);
				MARKETING_VERSION = 1.0;
				PRODUCT_BUNDLE_IDENTIFIER = Kaspersky.Weather;
				PRODUCT_NAME = "$(TARGET_NAME)";
				SWIFT_EMIT_LOC_STRINGS = YES;
				SWIFT_VERSION = 5.0;
				TARGETED_DEVICE_FAMILY = "1,2";
			};
			name = Release;
		};
		C932D1022D8B0C1900F68004 /* Debug */ = {
			isa = XCBuildConfiguration;
			buildSettings = {
				ALWAYS_SEARCH_USER_PATHS = NO;
				ASSETCATALOG_COMPILER_GENERATE_SWIFT_ASSET_SYMBOL_EXTENSIONS = YES;
				CLANG_ANALYZER_NONNULL = YES;
				CLANG_ANALYZER_NUMBER_OBJECT_CONVERSION = YES_AGGRESSIVE;
				CLANG_CXX_LANGUAGE_STANDARD = "gnu++20";
				CLANG_ENABLE_MODULES = YES;
				CLANG_ENABLE_OBJC_ARC = YES;
				CLANG_ENABLE_OBJC_WEAK = YES;
				CLANG_WARN_BLOCK_CAPTURE_AUTORELEASING = YES;
				CLANG_WARN_BOOL_CONVERSION = YES;
				CLANG_WARN_COMMA = YES;
				CLANG_WARN_CONSTANT_CONVERSION = YES;
				CLANG_WARN_DEPRECATED_OBJC_IMPLEMENTATIONS = YES;
				CLANG_WARN_DIRECT_OBJC_ISA_USAGE = YES_ERROR;
				CLANG_WARN_DOCUMENTATION_COMMENTS = YES;
				CLANG_WARN_EMPTY_BODY = YES;
				CLANG_WARN_ENUM_CONVERSION = YES;
				CLANG_WARN_INFINITE_RECURSION = YES;
				CLANG_WARN_INT_CONVERSION = YES;
				CLANG_WARN_NON_LITERAL_NULL_CONVERSION = YES;
				CLANG_WARN_OBJC_IMPLICIT_RETAIN_SELF = YES;
				CLANG_WARN_OBJC_LITERAL_CONVERSION = YES;
				CLANG_WARN_OBJC_ROOT_CLASS = YES_ERROR;
				CLANG_WARN_QUOTED_INCLUDE_IN_FRAMEWORK_HEADER = YES;
				CLANG_WARN_RANGE_LOOP_ANALYSIS = YES;
				CLANG_WARN_STRICT_PROTOTYPES = YES;
				CLANG_WARN_SUSPICIOUS_MOVE = YES;
				CLANG_WARN_UNGUARDED_AVAILABILITY = YES_AGGRESSIVE;
				CLANG_WARN_UNREACHABLE_CODE = YES;
				CLANG_WARN__DUPLICATE_METHOD_MATCH = YES;
				COPY_PHASE_STRIP = NO;
				DEBUG_INFORMATION_FORMAT = dwarf;
				DEVELOPMENT_TEAM = S95774CNK5;
				ENABLE_STRICT_OBJC_MSGSEND = YES;
				ENABLE_TESTABILITY = YES;
				ENABLE_USER_SCRIPT_SANDBOXING = NO;
				GCC_C_LANGUAGE_STANDARD = gnu17;
				GCC_DYNAMIC_NO_PIC = NO;
				GCC_NO_COMMON_BLOCKS = YES;
				GCC_OPTIMIZATION_LEVEL = 0;
				GCC_PREPROCESSOR_DEFINITIONS = (
					"DEBUG=1",
					"$(inherited)",
				);
				GCC_WARN_64_TO_32_BIT_CONVERSION = YES;
				GCC_WARN_ABOUT_RETURN_TYPE = YES_ERROR;
				GCC_WARN_UNDECLARED_SELECTOR = YES;
				GCC_WARN_UNINITIALIZED_AUTOS = YES_AGGRESSIVE;
				GCC_WARN_UNUSED_FUNCTION = YES;
				GCC_WARN_UNUSED_VARIABLE = YES;
				IPHONEOS_DEPLOYMENT_TARGET = 18.2;
				LOCALIZATION_PREFERS_STRING_CATALOGS = YES;
				MTL_ENABLE_DEBUG_INFO = INCLUDE_SOURCE;
				MTL_FAST_MATH = YES;
				ONLY_ACTIVE_ARCH = YES;
				SDKROOT = iphoneos;
				SWIFT_ACTIVE_COMPILATION_CONDITIONS = "DEBUG $(inherited)";
				SWIFT_OPTIMIZATION_LEVEL = "-Onone";
			};
			name = Debug;
		};
		C932D1032D8B0C1900F68004 /* Release */ = {
			isa = XCBuildConfiguration;
			buildSettings = {
				ALWAYS_SEARCH_USER_PATHS = NO;
				ASSETCATALOG_COMPILER_GENERATE_SWIFT_ASSET_SYMBOL_EXTENSIONS = YES;
				CLANG_ANALYZER_NONNULL = YES;
				CLANG_ANALYZER_NUMBER_OBJECT_CONVERSION = YES_AGGRESSIVE;
				CLANG_CXX_LANGUAGE_STANDARD = "gnu++20";
				CLANG_ENABLE_MODULES = YES;
				CLANG_ENABLE_OBJC_ARC = YES;
				CLANG_ENABLE_OBJC_WEAK = YES;
				CLANG_WARN_BLOCK_CAPTURE_AUTORELEASING = YES;
				CLANG_WARN_BOOL_CONVERSION = YES;
				CLANG_WARN_COMMA = YES;
				CLANG_WARN_CONSTANT_CONVERSION = YES;
				CLANG_WARN_DEPRECATED_OBJC_IMPLEMENTATIONS = YES;
				CLANG_WARN_DIRECT_OBJC_ISA_USAGE = YES_ERROR;
				CLANG_WARN_DOCUMENTATION_COMMENTS = YES;
				CLANG_WARN_EMPTY_BODY = YES;
				CLANG_WARN_ENUM_CONVERSION = YES;
				CLANG_WARN_INFINITE_RECURSION = YES;
				CLANG_WARN_INT_CONVERSION = YES;
				CLANG_WARN_NON_LITERAL_NULL_CONVERSION = YES;
				CLANG_WARN_OBJC_IMPLICIT_RETAIN_SELF = YES;
				CLANG_WARN_OBJC_LITERAL_CONVERSION = YES;
				CLANG_WARN_OBJC_ROOT_CLASS = YES_ERROR;
				CLANG_WARN_QUOTED_INCLUDE_IN_FRAMEWORK_HEADER = YES;
				CLANG_WARN_RANGE_LOOP_ANALYSIS = YES;
				CLANG_WARN_STRICT_PROTOTYPES = YES;
				CLANG_WARN_SUSPICIOUS_MOVE = YES;
				CLANG_WARN_UNGUARDED_AVAILABILITY = YES_AGGRESSIVE;
				CLANG_WARN_UNREACHABLE_CODE = YES;
				CLANG_WARN__DUPLICATE_METHOD_MATCH = YES;
				COPY_PHASE_STRIP = NO;
				DEBUG_INFORMATION_FORMAT = "dwarf-with-dsym";
				DEVELOPMENT_TEAM = S95774CNK5;
				ENABLE_NS_ASSERTIONS = NO;
				ENABLE_STRICT_OBJC_MSGSEND = YES;
				ENABLE_USER_SCRIPT_SANDBOXING = NO;
				GCC_C_LANGUAGE_STANDARD = gnu17;
				GCC_NO_COMMON_BLOCKS = YES;
				GCC_WARN_64_TO_32_BIT_CONVERSION = YES;
				GCC_WARN_ABOUT_RETURN_TYPE = YES_ERROR;
				GCC_WARN_UNDECLARED_SELECTOR = YES;
				GCC_WARN_UNINITIALIZED_AUTOS = YES_AGGRESSIVE;
				GCC_WARN_UNUSED_FUNCTION = YES;
				GCC_WARN_UNUSED_VARIABLE = YES;
				IPHONEOS_DEPLOYMENT_TARGET = 18.2;
				LOCALIZATION_PREFERS_STRING_CATALOGS = YES;
				MTL_ENABLE_DEBUG_INFO = NO;
				MTL_FAST_MATH = YES;
				SDKROOT = iphoneos;
				SWIFT_COMPILATION_MODE = wholemodule;
				VALIDATE_PRODUCT = YES;
			};
			name = Release;
		};
		UIUTDBG882D8B0C1700F68188 /* Debug */ = {
			isa = XCBuildConfiguration;
			buildSettings = {
				CODE_SIGN_STYLE = Automatic;
				CURRENT_PROJECT_VERSION = 1;
				DEVELOPMENT_TEAM = 92U4GXDCD4;
				GENERATE_INFOPLIST_FILE = YES;
				IPHONEOS_DEPLOYMENT_TARGET = 18.2;
				LD_RUNPATH_SEARCH_PATHS = (
					"$(inherited)",
					"@executable_path/Frameworks",
					"@loader_path/Frameworks",
				);
				MARKETING_VERSION = 1.0;
				PRODUCT_BUNDLE_IDENTIFIER = Kaspersky.WeatherUITests;
				PRODUCT_NAME = "$(TARGET_NAME)";
				SWIFT_EMIT_LOC_STRINGS = NO;
				SWIFT_VERSION = 5.0;
				TARGETED_DEVICE_FAMILY = "1,2";
				TEST_TARGET_NAME = Weather;
			};
			name = Debug;
		};
		UIUTREL892D8B0C1700F68189 /* Release */ = {
			isa = XCBuildConfiguration;
			buildSettings = {
				CODE_SIGN_STYLE = Automatic;
				CURRENT_PROJECT_VERSION = 1;
				DEVELOPMENT_TEAM = 92U4GXDCD4;
				GENERATE_INFOPLIST_FILE = YES;
				IPHONEOS_DEPLOYMENT_TARGET = 18.2;
				LD_RUNPATH_SEARCH_PATHS = (
					"$(inherited)",
					"@executable_path/Frameworks",
					"@loader_path/Frameworks",
				);
				MARKETING_VERSION = 1.0;
				PRODUCT_BUNDLE_IDENTIFIER = Kaspersky.WeatherUITests;
				PRODUCT_NAME = "$(TARGET_NAME)";
				SWIFT_EMIT_LOC_STRINGS = NO;
				SWIFT_VERSION = 5.0;
				TARGETED_DEVICE_FAMILY = "1,2";
				TEST_TARGET_NAME = Weather;
			};
			name = Release;
		};
		WTEST0FEF2D8B0C1700F6800F /* Debug */ = {
			isa = XCBuildConfiguration;
			baseConfigurationReference = FDFF05C2A72494FE47CA0523 /* Pods-WeatherTests.debug.xcconfig */;
			buildSettings = {
				BUNDLE_LOADER = "$(TEST_HOST)";
				CODE_SIGN_STYLE = Automatic;
				CURRENT_PROJECT_VERSION = 1;
				DEVELOPMENT_TEAM = 92U4GXDCD4;
				GENERATE_INFOPLIST_FILE = YES;
				IPHONEOS_DEPLOYMENT_TARGET = 18.2;
				LD_RUNPATH_SEARCH_PATHS = (
					"$(inherited)",
					"@executable_path/Frameworks",
					"@loader_path/Frameworks",
				);
				MARKETING_VERSION = 1.0;
				PRODUCT_BUNDLE_IDENTIFIER = Kaspersky.WeatherTests;
				PRODUCT_NAME = "$(TARGET_NAME)";
				SWIFT_EMIT_LOC_STRINGS = NO;
				SWIFT_VERSION = 5.0;
				TARGETED_DEVICE_FAMILY = "1,2";
				TEST_HOST = "$(BUILT_PRODUCTS_DIR)/Weather.app/Weather";
			};
			name = Debug;
		};
		WTEST10F02D8B0C1700F68010 /* Release */ = {
			isa = XCBuildConfiguration;
			baseConfigurationReference = 60FA83C69CE55D3DC7652735 /* Pods-WeatherTests.release.xcconfig */;
			buildSettings = {
				BUNDLE_LOADER = "$(TEST_HOST)";
				CODE_SIGN_STYLE = Automatic;
				CURRENT_PROJECT_VERSION = 1;
				DEVELOPMENT_TEAM = 92U4GXDCD4;
				GENERATE_INFOPLIST_FILE = YES;
				IPHONEOS_DEPLOYMENT_TARGET = 18.2;
				LD_RUNPATH_SEARCH_PATHS = (
					"$(inherited)",
					"@executable_path/Frameworks",
					"@loader_path/Frameworks",
				);
				MARKETING_VERSION = 1.0;
				PRODUCT_BUNDLE_IDENTIFIER = Kaspersky.WeatherTests;
				PRODUCT_NAME = "$(TARGET_NAME)";
				SWIFT_EMIT_LOC_STRINGS = NO;
				SWIFT_VERSION = 5.0;
				TARGETED_DEVICE_FAMILY = "1,2";
				TEST_HOST = "$(BUILT_PRODUCTS_DIR)/Weather.app/Weather";
			};
			name = Release;
		};
/* End XCBuildConfiguration section */

/* Begin XCConfigurationList section */
		C932D0E72D8B0C1700F68004 /* Build configuration list for PBXProject "Weather" */ = {
			isa = XCConfigurationList;
			buildConfigurations = (
				C932D1022D8B0C1900F68004 /* Debug */,
				C932D1032D8B0C1900F68004 /* Release */,
			);
			defaultConfigurationIsVisible = 0;
			defaultConfigurationName = Release;
		};
		C932D0FF2D8B0C1900F68004 /* Build configuration list for PBXNativeTarget "Weather" */ = {
			isa = XCConfigurationList;
			buildConfigurations = (
				C932D1002D8B0C1900F68004 /* Debug */,
				C932D1012D8B0C1900F68004 /* Release */,
			);
			defaultConfigurationIsVisible = 0;
			defaultConfigurationName = Release;
		};
		UIUTLST8A2D8B0C1700F6818A /* Build configuration list for PBXNativeTarget "WeatherUITests" */ = {
			isa = XCConfigurationList;
			buildConfigurations = (
				UIUTDBG882D8B0C1700F68188 /* Debug */,
				UIUTREL892D8B0C1700F68189 /* Release */,
			);
			defaultConfigurationIsVisible = 0;
			defaultConfigurationName = Release;
		};
		WTEST11F12D8B0C1700F68011 /* Build configuration list for PBXNativeTarget "WeatherTests" */ = {
			isa = XCConfigurationList;
			buildConfigurations = (
				WTEST0FEF2D8B0C1700F6800F /* Debug */,
				WTEST10F02D8B0C1700F68010 /* Release */,
			);
			defaultConfigurationIsVisible = 0;
			defaultConfigurationName = Release;
		};
/* End XCConfigurationList section */
	};
	rootObject = C932D0E42D8B0C1700F68004 /* Project object */;
}
